
Microsoft Visual Studio Solution File, Format Version 12.00
# Visual Studio 15
VisualStudioVersion = 15.0.28010.2003
MinimumVisualStudioVersion = 10.0.40219.1
Project("{9A19103F-16F7-4668-BE54-9A1E7A4F7556}") = "HoustBuilder.LoadData", "HoustBuilder.LoadData\HoustBuilder.LoadData.csproj", "{E293EBE0-86F2-4BBD-9B64-9730044A39DD}"
EndProject
Global
	GlobalSection(SolutionConfigurationPlatforms) = preSolution
		Debug|Any CPU = Debug|Any CPU
		Release|Any CPU = Release|Any CPU
	EndGlobalSection
	GlobalSection(ProjectConfigurationPlatforms) = postSolution
		{E293EBE0-86F2-4BBD-9B64-9730044A39DD}.Debug|Any CPU.ActiveCfg = Debug|Any CPU
		{E293EBE0-86F2-4BBD-9B64-9730044A39DD}.Debug|Any CPU.Build.0 = Debug|Any CPU
		{E293EBE0-86F2-4BBD-9B64-9730044A39DD}.Release|Any CPU.ActiveCfg = Release|Any CPU
		{E293EBE0-86F2-4BBD-9B64-9730044A39DD}.Release|Any CPU.Build.0 = Release|Any CPU
	EndGlobalSection
	GlobalSection(SolutionProperties) = preSolution
		HideSolutionNode = FALSE
	EndGlobalSection
	GlobalSection(ExtensibilityGlobals) = postSolution
		SolutionGuid = {9CF0956B-3951-4851-B5BE-30ECFDA7FBC9}
	EndGlobalSection
EndGlobal
